// !$*UTF8*$!
{
	archiveVersion = 1;
	classes = {
	};
	objectVersion = 46;
	objects = {

/* Begin PBXBuildFile section */
		AE10728B1B66318300FC53A5 /* AppDelegate.swift in Sources */ = {isa = PBXBuildFile; fileRef = AE10728A1B66318300FC53A5 /* AppDelegate.swift */; };
		AE10728D1B66318300FC53A5 /* ViewController.swift in Sources */ = {isa = PBXBuildFile; fileRef = AE10728C1B66318300FC53A5 /* ViewController.swift */; };
		AE1072901B66318300FC53A5 /* Main.storyboard in Resources */ = {isa = PBXBuildFile; fileRef = AE10728E1B66318300FC53A5 /* Main.storyboard */; };
		AE1072921B66318300FC53A5 /* Images.xcassets in Resources */ = {isa = PBXBuildFile; fileRef = AE1072911B66318300FC53A5 /* Images.xcassets */; };
		AE1072951B66318300FC53A5 /* LaunchScreen.xib in Resources */ = {isa = PBXBuildFile; fileRef = AE1072931B66318300FC53A5 /* LaunchScreen.xib */; };
		AE1072A11B66318300FC53A5 /* CalculatorTests.swift in Sources */ = {isa = PBXBuildFile; fileRef = AE1072A01B66318300FC53A5 /* CalculatorTests.swift */; };
/* End PBXBuildFile section */

/* Begin PBXContainerItemProxy section */
		AE10729B1B66318300FC53A5 /* PBXContainerItemProxy */ = {
			isa = PBXContainerItemProxy;
			containerPortal = AE10727D1B66318300FC53A5 /* Project object */;
			proxyType = 1;
			remoteGlobalIDString = AE1072841B66318300FC53A5;
			remoteInfo = Calculator;
		};
/* End PBXContainerItemProxy section */

/* Begin PBXFileReference section */
		AE1072851B66318300FC53A5 /* Calculator.app */ = {isa = PBXFileReference; explicitFileType = wrapper.application; includeInIndex = 0; path = Calculator.app; sourceTree = BUILT_PRODUCTS_DIR; };
		AE1072891B66318300FC53A5 /* Info.plist */ = {isa = PBXFileReference; lastKnownFileType = text.plist.xml; path = Info.plist; sourceTree = "<group>"; };
		AE10728A1B66318300FC53A5 /* AppDelegate.swift */ = {isa = PBXFileReference; lastKnownFileType = sourcecode.swift; path = AppDelegate.swift; sourceTree = "<group>"; };
		AE10728C1B66318300FC53A5 /* ViewController.swift */ = {isa = PBXFileReference; lastKnownFileType = sourcecode.swift; path = ViewController.swift; sourceTree = "<group>"; };
		AE10728F1B66318300FC53A5 /* Base */ = {isa = PBXFileReference; lastKnownFileType = file.storyboard; name = Base; path = Base.lproj/Main.storyboard; sourceTree = "<group>"; };
		AE1072911B66318300FC53A5 /* Images.xcassets */ = {isa = PBXFileReference; lastKnownFileType = folder.assetcatalog; path = Images.xcassets; sourceTree = "<group>"; };
		AE1072941B66318300FC53A5 /* Base */ = {isa = PBXFileReference; lastKnownFileType = file.xib; name = Base; path = Base.lproj/LaunchScreen.xib; sourceTree = "<group>"; };
		AE10729A1B66318300FC53A5 /* CalculatorTests.xctest */ = {isa = PBXFileReference; explicitFileType = wrapper.cfbundle; includeInIndex = 0; path = CalculatorTests.xctest; sourceTree = BUILT_PRODUCTS_DIR; };
		AE10729F1B66318300FC53A5 /* Info.plist */ = {isa = PBXFileReference; lastKnownFileType = text.plist.xml; path = Info.plist; sourceTree = "<group>"; };
		AE1072A01B66318300FC53A5 /* CalculatorTests.swift */ = {isa = PBXFileReference; lastKnownFileType = sourcecode.swift; path = CalculatorTests.swift; sourceTree = "<group>"; };
/* End PBXFileReference section */

/* Begin PBXFrameworksBuildPhase section */
		AE1072821B66318300FC53A5 /* Frameworks */ = {
			isa = PBXFrameworksBuildPhase;
			buildActionMask = 2147483647;
			files = (
			);
			runOnlyForDeploymentPostprocessing = 0;
		};
		AE1072971B66318300FC53A5 /* Frameworks */ = {
			isa = PBXFrameworksBuildPhase;
			buildActionMask = 2147483647;
			files = (
			);
			runOnlyForDeploymentPostprocessing = 0;
		};
/* End PBXFrameworksBuildPhase section */

/* Begin PBXGroup section */
		AE10727C1B66318300FC53A5 = {
			isa = PBXGroup;
			children = (
				AE1072871B66318300FC53A5 /* Calculator */,
				AE10729D1B66318300FC53A5 /* CalculatorTests */,
				AE1072861B66318300FC53A5 /* Products */,
			);
			sourceTree = "<group>";
		};
		AE1072861B66318300FC53A5 /* Products */ = {
			isa = PBXGroup;
			children = (
				AE1072851B66318300FC53A5 /* Calculator.app */,
				AE10729A1B66318300FC53A5 /* CalculatorTests.xctest */,
			);
			name = Products;
			sourceTree = "<group>";
		};
		AE1072871B66318300FC53A5 /* Calculator */ = {
			isa = PBXGroup;
			children = (
				AE10728A1B66318300FC53A5 /* AppDelegate.swift */,
				AE10728C1B66318300FC53A5 /* ViewController.swift */,
				AE10728E1B66318300FC53A5 /* Main.storyboard */,
				AE1072911B66318300FC53A5 /* Images.xcassets */,
				AE1072931B66318300FC53A5 /* LaunchScreen.xib */,
				AE1072881B66318300FC53A5 /* Supporting Files */,
			);
			path = Calculator;
			sourceTree = "<group>";
		};
		AE1072881B66318300FC53A5 /* Supporting Files */ = {
			isa = PBXGroup;
			children = (
				AE1072891B66318300FC53A5 /* Info.plist */,
			);
			name = "Supporting Files";
			sourceTree = "<group>";
		};
		AE10729D1B66318300FC53A5 /* CalculatorTests */ = {
			isa = PBXGroup;
			children = (
				AE1072A01B66318300FC53A5 /* CalculatorTests.swift */,
				AE10729E1B66318300FC53A5 /* Supporting Files */,
			);
			path = CalculatorTests;
			sourceTree = "<group>";
		};
		AE10729E1B66318300FC53A5 /* Supporting Files */ = {
			isa = PBXGroup;
			children = (
				AE10729F1B66318300FC53A5 /* Info.plist */,
			);
			name = "Supporting Files";
			sourceTree = "<group>";
		};
/* End PBXGroup section */

/* Begin PBXNativeTarget section */
		AE1072841B66318300FC53A5 /* Calculator */ = {
			isa = PBXNativeTarget;
			buildConfigurationList = AE1072A41B66318300FC53A5 /* Build configuration list for PBXNativeTarget "Calculator" */;
			buildPhases = (
				AE1072811B66318300FC53A5 /* Sources */,
				AE1072821B66318300FC53A5 /* Frameworks */,
				AE1072831B66318300FC53A5 /* Resources */,
			);
			buildRules = (
			);
			dependencies = (
			);
			name = Calculator;
			productName = Calculator;
			productReference = AE1072851B66318300FC53A5 /* Calculator.app */;
			productType = "com.apple.product-type.application";
		};
		AE1072991B66318300FC53A5 /* CalculatorTests */ = {
			isa = PBXNativeTarget;
			buildConfigurationList = AE1072A71B66318300FC53A5 /* Build configuration list for PBXNativeTarget "CalculatorTests" */;
			buildPhases = (
				AE1072961B66318300FC53A5 /* Sources */,
				AE1072971B66318300FC53A5 /* Frameworks */,
				AE1072981B66318300FC53A5 /* Resources */,
			);
			buildRules = (
			);
			dependencies = (
				AE10729C1B66318300FC53A5 /* PBXTargetDependency */,
			);
			name = CalculatorTests;
			productName = CalculatorTests;
			productReference = AE10729A1B66318300FC53A5 /* CalculatorTests.xctest */;
			productType = "com.apple.product-type.bundle.unit-test";
		};
/* End PBXNativeTarget section */

/* Begin PBXProject section */
		AE10727D1B66318300FC53A5 /* Project object */ = {
			isa = PBXProject;
			attributes = {
				LastUpgradeCheck = 0640;
				ORGANIZATIONNAME = lishiqiang;
				TargetAttributes = {
					AE1072841B66318300FC53A5 = {
						CreatedOnToolsVersion = 6.4;
					};
					AE1072991B66318300FC53A5 = {
						CreatedOnToolsVersion = 6.4;
						TestTargetID = AE1072841B66318300FC53A5;
					};
				};
			};
			buildConfigurationList = AE1072801B66318300FC53A5 /* Build configuration list for PBXProject "Calculator" */;
			compatibilityVersion = "Xcode 3.2";
			developmentRegion = English;
			hasScannedForEncodings = 0;
			knownRegions = (
				en,
				Base,
			);
			mainGroup = AE10727C1B66318300FC53A5;
			productRefGroup = AE1072861B66318300FC53A5 /* Products */;
			projectDirPath = "";
			projectRoot = "";
			targets = (
				AE1072841B66318300FC53A5 /* Calculator */,
				AE1072991B66318300FC53A5 /* CalculatorTests */,
			);
		};
/* End PBXProject section */

/* Begin PBXResourcesBuildPhase section */
		AE1072831B66318300FC53A5 /* Resources */ = {
			isa = PBXResourcesBuildPhase;
			buildActionMask = 2147483647;
			files = (
				AE1072901B66318300FC53A5 /* Main.storyboard in Resources */,
				AE1072951B66318300FC53A5 /* LaunchScreen.xib in Resources */,
				AE1072921B66318300FC53A5 /* Images.xcassets in Resources */,
			);
			runOnlyForDeploymentPostprocessing = 0;
		};
		AE1072981B66318300FC53A5 /* Resources */ = {
			isa = PBXResourcesBuildPhase;
			buildActionMask = 2147483647;
			files = (
			);
			runOnlyForDeploymentPostprocessing = 0;
		};
/* End PBXResourcesBuildPhase section */

/* Begin PBXSourcesBuildPhase section */
		AE1072811B66318300FC53A5 /* Sources */ = {
			isa = PBXSourcesBuildPhase;
			buildActionMask = 2147483647;
			files = (
				AE10728D1B66318300FC53A5 /* ViewController.swift in Sources */,
				AE10728B1B66318300FC53A5 /* AppDelegate.swift in Sources */,
			);
			runOnlyForDeploymentPostprocessing = 0;
		};
		AE1072961B66318300FC53A5 /* Sources */ = {
			isa = PBXSourcesBuildPhase;
			buildActionMask = 2147483647;
			files = (
				AE1072A11B66318300FC53A5 /* CalculatorTests.swift in Sources */,
			);
			runOnlyForDeploymentPostprocessing = 0;
		};
/* End PBXSourcesBuildPhase section */

/* Begin PBXTargetDependency section */
		AE10729C1B66318300FC53A5 /* PBXTargetDependency */ = {
			isa = PBXTargetDependency;
			target = AE1072841B66318300FC53A5 /* Calculator */;
			targetProxy = AE10729B1B66318300FC53A5 /* PBXContainerItemProxy */;
		};
/* End PBXTargetDependency section */

/* Begin PBXVariantGroup section */
		AE10728E1B66318300FC53A5 /* Main.storyboard */ = {
			isa = PBXVariantGroup;
			children = (
				AE10728F1B66318300FC53A5 /* Base */,
			);
			name = Main.storyboard;
			sourceTree = "<group>";
		};
		AE1072931B66318300FC53A5 /* LaunchScreen.xib */ = {
			isa = PBXVariantGroup;
			children = (
				AE1072941B66318300FC53A5 /* Base */,
			);
			name = LaunchScreen.xib;
			sourceTree = "<group>";
		};
/* End PBXVariantGroup section */

/* Begin XCBuildConfiguration section */
		AE1072A21B66318300FC53A5 /* Debug */ = {
			isa = XCBuildConfiguration;
			buildSettings = {
				ALWAYS_SEARCH_USER_PATHS = NO;
				CLANG_CXX_LANGUAGE_STANDARD = "gnu++0x";
				CLANG_CXX_LIBRARY = "libc++";
				CLANG_ENABLE_MODULES = YES;
				CLANG_ENABLE_OBJC_ARC = YES;
				CLANG_WARN_BOOL_CONVERSION = YES;
				CLANG_WARN_CONSTANT_CONVERSION = YES;
				CLANG_WARN_DIRECT_OBJC_ISA_USAGE = YES_ERROR;
				CLANG_WARN_EMPTY_BODY = YES;
				CLANG_WARN_ENUM_CONVERSION = YES;
				CLANG_WARN_INT_CONVERSION = YES;
				CLANG_WARN_OBJC_ROOT_CLASS = YES_ERROR;
				CLANG_WARN_UNREACHABLE_CODE = YES;
				CLANG_WARN__DUPLICATE_METHOD_MATCH = YES;
				"CODE_SIGN_IDENTITY[sdk=iphoneos*]" = "iPhone Developer";
				COPY_PHASE_STRIP = NO;
				DEBUG_INFORMATION_FORMAT = "dwarf-with-dsym";
				ENABLE_STRICT_OBJC_MSGSEND = YES;
				GCC_C_LANGUAGE_STANDARD = gnu99;
				GCC_DYNAMIC_NO_PIC = NO;
				GCC_NO_COMMON_BLOCKS = YES;
				GCC_OPTIMIZATION_LEVEL = 0;
				GCC_PREPROCESSOR_DEFINITIONS = (
					"DEBUG=1",
					"$(inherited)",
				);
				GCC_SYMBOLS_PRIVATE_EXTERN = NO;
				GCC_WARN_64_TO_32_BIT_CONVERSION = YES;
				GCC_WARN_ABOUT_RETURN_TYPE = YES_ERROR;
				GCC_WARN_UNDECLARED_SELECTOR = YES;
				GCC_WARN_UNINITIALIZED_AUTOS = YES_AGGRESSIVE;
				GCC_WARN_UNUSED_FUNCTION = YES;
				GCC_WARN_UNUSED_VARIABLE = YES;
				IPHONEOS_DEPLOYMENT_TARGET = 8.4;
				MTL_ENABLE_DEBUG_INFO = YES;
				ONLY_ACTIVE_ARCH = YES;
				SDKROOT = iphoneos;
				SWIFT_OPTIMIZATION_LEVEL = "-Onone";
				TARGETED_DEVICE_FAMILY = "1,2";
			};
			name = Debug;
		};
		AE1072A31B66318300FC53A5 /* Release */ = {
			isa = XCBuildConfiguration;
			buildSettings = {
				ALWAYS_SEARCH_USER_PATHS = NO;
				CLANG_CXX_LANGUAGE_STANDARD = "gnu++0x";
				CLANG_CXX_LIBRARY = "libc++";
				CLANG_ENABLE_MODULES = YES;
				CLANG_ENABLE_OBJC_ARC = YES;
				CLANG_WARN_BOOL_CONVERSION = YES;
				CLANG_WARN_CONSTANT_CONVERSION = YES;
				CLANG_WARN_DIRECT_OBJC_ISA_USAGE = YES_ERROR;
				CLANG_WARN_EMPTY_BODY = YES;
				CLANG_WARN_ENUM_CONVERSION = YES;
				CLANG_WARN_INT_CONVERSION = YES;
				CLANG_WARN_OBJC_ROOT_CLASS = YES_ERROR;
				CLANG_WARN_UNREACHABLE_CODE = YES;
				CLANG_WARN__DUPLICATE_METHOD_MATCH = YES;
				"CODE_SIGN_IDENTITY[sdk=iphoneos*]" = "iPhone Developer";
				COPY_PHASE_STRIP = NO;
				DEBUG_INFORMATION_FORMAT = "dwarf-with-dsym";
				ENABLE_NS_ASSERTIONS = NO;
				ENABLE_STRICT_OBJC_MSGSEND = YES;
				GCC_C_LANGUAGE_STANDARD = gnu99;
				GCC_NO_COMMON_BLOCKS = YES;
				GCC_WARN_64_TO_32_BIT_CONVERSION = YES;
				GCC_WARN_ABOUT_RETURN_TYPE = YES_ERROR;
				GCC_WARN_UNDECLARED_SELECTOR = YES;
				GCC_WARN_UNINITIALIZED_AUTOS = YES_AGGRESSIVE;
				GCC_WARN_UNUSED_FUNCTION = YES;
				GCC_WARN_UNUSED_VARIABLE = YES;
				IPHONEOS_DEPLOYMENT_TARGET = 8.4;
				MTL_ENABLE_DEBUG_INFO = NO;
				SDKROOT = iphoneos;
				TARGETED_DEVICE_FAMILY = "1,2";
				VALIDATE_PRODUCT = YES;
			};
			name = Release;
		};
		AE1072A51B66318300FC53A5 /* Debug */ = {
			isa = XCBuildConfiguration;
			buildSettings = {
				ASSETCATALOG_COMPILER_APPICON_NAME = AppIcon;
				INFOPLIST_FILE = Calculator/Info.plist;
				LD_RUNPATH_SEARCH_PATHS = "$(inherited) @executable_path/Frameworks";
				PRODUCT_NAME = "$(TARGET_NAME)";
			};
			name = Debug;
		};
		AE1072A61B66318300FC53A5 /* Release */ = {
			isa = XCBuildConfiguration;
			buildSettings = {
				ASSETCATALOG_COMPILER_APPICON_NAME = AppIcon;
				INFOPLIST_FILE = Calculator/Info.plist;
				LD_RUNPATH_SEARCH_PATHS = "$(inherited) @executable_path/Frameworks";
				PRODUCT_NAME = "$(TARGET_NAME)";
			};
			name = Release;
		};
		AE1072A81B66318300FC53A5 /* Debug */ = {
			isa = XCBuildConfiguration;
			buildSettings = {
				BUNDLE_LOADER = "$(TEST_HOST)";
				FRAMEWORK_SEARCH_PATHS = (
					"$(SDKROOT)/Developer/Library/Frameworks",
					"$(inherited)",
				);
				GCC_PREPROCESSOR_DEFINITIONS = (
					"DEBUG=1",
					"$(inherited)",
				);
				INFOPLIST_FILE = CalculatorTests/Info.plist;
				LD_RUNPATH_SEARCH_PATHS = "$(inherited) @executable_path/Frameworks @loader_path/Frameworks";
				PRODUCT_NAME = "$(TARGET_NAME)";
				TEST_HOST = "$(BUILT_PRODUCTS_DIR)/Calculator.app/Calculator";
			};
			name = Debug;
		};
		AE1072A91B66318300FC53A5 /* Release */ = {
			isa = XCBuildConfiguration;
			buildSettings = {
				BUNDLE_LOADER = "$(TEST_HOST)";
				FRAMEWORK_SEARCH_PATHS = (
					"$(SDKROOT)/Developer/Library/Frameworks",
					"$(inherited)",
				);
				INFOPLIST_FILE = CalculatorTests/Info.plist;
				LD_RUNPATH_SEARCH_PATHS = "$(inherited) @executable_path/Frameworks @loader_path/Frameworks";
				PRODUCT_NAME = "$(TARGET_NAME)";
				TEST_HOST = "$(BUILT_PRODUCTS_DIR)/Calculator.app/Calculator";
			};
			name = Release;
		};
/* End XCBuildConfiguration section */

/* Begin XCConfigurationList section */
		AE1072801B66318300FC53A5 /* Build configuration list for PBXProject "Calculator" */ = {
			isa = XCConfigurationList;
			buildConfigurations = (
				AE1072A21B66318300FC53A5 /* Debug */,
				AE1072A31B66318300FC53A5 /* Release */,
			);
			defaultConfigurationIsVisible = 0;
			defaultConfigurationName = Release;
		};
		AE1072A41B66318300FC53A5 /* Build configuration list for PBXNativeTarget "Calculator" */ = {
			isa = XCConfigurationList;
			buildConfigurations = (
				AE1072A51B66318300FC53A5 /* Debug */,
				AE1072A61B66318300FC53A5 /* Release */,
			);
			defaultConfigurationIsVisible = 0;
		};
		AE1072A71B66318300FC53A5 /* Build configuration list for PBXNativeTarget "CalculatorTests" */ = {
			isa = XCConfigurationList;
			buildConfigurations = (
				AE1072A81B66318300FC53A5 /* Debug */,
				AE1072A91B66318300FC53A5 /* Release */,
			);
			defaultConfigurationIsVisible = 0;
		};
/* End XCConfigurationList section */
	};
	rootObject = AE10727D1B66318300FC53A5 /* Project object */;
}
